
Microsoft Visual Studio Solution File, Format Version 12.00
# Visual Studio Version 17
VisualStudioVersion = 17.11.35219.272
MinimumVisualStudioVersion = 10.0.40219.1
Project("{9A19103F-16F7-4668-BE54-9A1E7A4F7556}") = "FilterSharp", "FilterSharp\FilterSharp.csproj", "{CF657596-6A8F-4AF5-978A-3AF6C2C70136}"
EndProject
Project("{FAE04EC0-301F-11D3-BF4B-00C04F79EFBC}") = "FilterSharpTest", "FilterSharpTest\FilterSharpTest.csproj", "{6CC95544-115A-4667-A2B8-507DA43AD672}"
EndProject
Global
	GlobalSection(SolutionConfigurationPlatforms) = preSolution
		Debug|Any CPU = Debug|Any CPU
		Release|Any CPU = Release|Any CPU
	EndGlobalSection
	GlobalSection(ProjectConfigurationPlatforms) = postSolution
		{CF657596-6A8F-4AF5-978A-3AF6C2C70136}.Debug|Any CPU.ActiveCfg = Debug|Any CPU
		{CF657596-6A8F-4AF5-978A-3AF6C2C70136}.Debug|Any CPU.Build.0 = Debug|Any CPU
		{CF657596-6A8F-4AF5-978A-3AF6C2C70136}.Release|Any CPU.ActiveCfg = Release|Any CPU
		{CF657596-6A8F-4AF5-978A-3AF6C2C70136}.Release|Any CPU.Build.0 = Release|Any CPU
		{6CC95544-115A-4667-A2B8-507DA43AD672}.Debug|Any CPU.ActiveCfg = Debug|Any CPU
		{6CC95544-115A-4667-A2B8-507DA43AD672}.Debug|Any CPU.Build.0 = Debug|Any CPU
		{6CC95544-115A-4667-A2B8-507DA43AD672}.Release|Any CPU.ActiveCfg = Release|Any CPU
		{6CC95544-115A-4667-A2B8-507DA43AD672}.Release|Any CPU.Build.0 = Release|Any CPU
	EndGlobalSection
	GlobalSection(SolutionProperties) = preSolution
		HideSolutionNode = FALSE
	EndGlobalSection
EndGlobal
